
Microsoft Visual Studio Solution File, Format Version 12.00
# Visual Studio 15
VisualStudioVersion = 15.0.26730.16
MinimumVisualStudioVersion = 10.0.40219.1
Project("{9A19103F-16F7-4668-BE54-9A1E7A4F7556}") = "ScriptLinkStandard", "ScriptLinkStandard\ScriptLinkStandard.csproj", "{D63DE50E-CFBE-439F-8813-7DDDBCF027C0}"
EndProject
Project("{FAE04EC0-301F-11D3-BF4B-00C04F79EFBC}") = "ScriptLinkStandard.Tests", "ScriptLinkStandard.Tests\ScriptLinkStandard.Tests.csproj", "{184EB255-3343-4366-BC00-89D3B037C2C8}"
EndProject
Global
	GlobalSection(SolutionConfigurationPlatforms) = preSolution
		Debug|Any CPU = Debug|Any CPU
		Release|Any CPU = Release|Any CPU
	EndGlobalSection
	GlobalSection(ProjectConfigurationPlatforms) = postSolution
		{D63DE50E-CFBE-439F-8813-7DDDBCF027C0}.Debug|Any CPU.ActiveCfg = Debug|Any CPU
		{D63DE50E-CFBE-439F-8813-7DDDBCF027C0}.Debug|Any CPU.Build.0 = Debug|Any CPU
		{D63DE50E-CFBE-439F-8813-7DDDBCF027C0}.Release|Any CPU.ActiveCfg = Release|Any CPU
		{D63DE50E-CFBE-439F-8813-7DDDBCF027C0}.Release|Any CPU.Build.0 = Release|Any CPU
		{184EB255-3343-4366-BC00-89D3B037C2C8}.Debug|Any CPU.ActiveCfg = Debug|Any CPU
		{184EB255-3343-4366-BC00-89D3B037C2C8}.Debug|Any CPU.Build.0 = Debug|Any CPU
		{184EB255-3343-4366-BC00-89D3B037C2C8}.Release|Any CPU.ActiveCfg = Release|Any CPU
		{184EB255-3343-4366-BC00-89D3B037C2C8}.Release|Any CPU.Build.0 = Release|Any CPU
	EndGlobalSection
	GlobalSection(SolutionProperties) = preSolution
		HideSolutionNode = FALSE
	EndGlobalSection
	GlobalSection(ExtensibilityGlobals) = postSolution
		SolutionGuid = {BE04B219-A039-42CA-943B-6A8DDF32DDBD}
	EndGlobalSection
EndGlobal
